
Microsoft Visual Studio Solution File, Format Version 12.00
# Visual Studio Version 16
VisualStudioVersion = 16.0.29326.143
MinimumVisualStudioVersion = 10.0.40219.1
Project("{FAE04EC0-301F-11D3-BF4B-00C04F79EFBC}") = "WindowsFormsApp1", "WindowsFormsApp1\WindowsFormsApp1.csproj", "{7C032142-B884-4763-96DE-692E765E8067}"
EndProject
Global
	GlobalSection(SolutionConfigurationPlatforms) = preSolution
		Debug|Any CPU = Debug|Any CPU
		Release|Any CPU = Release|Any CPU
	EndGlobalSection
	GlobalSection(ProjectConfigurationPlatforms) = postSolution
		{7C032142-B884-4763-96DE-692E765E8067}.Debug|Any CPU.ActiveCfg = Debug|Any CPU
		{7C032142-B884-4763-96DE-692E765E8067}.Debug|Any CPU.Build.0 = Debug|Any CPU
		{7C032142-B884-4763-96DE-692E765E8067}.Release|Any CPU.ActiveCfg = Release|Any CPU
		{7C032142-B884-4763-96DE-692E765E8067}.Release|Any CPU.Build.0 = Release|Any CPU
	EndGlobalSection
	GlobalSection(SolutionProperties) = preSolution
		HideSolutionNode = FALSE
	EndGlobalSection
	GlobalSection(ExtensibilityGlobals) = postSolution
		SolutionGuid = {60431625-8E60-49AA-A42F-E34BC042542E}
	EndGlobalSection
EndGlobal
